
Microsoft Visual Studio Solution File, Format Version 12.00
# Visual Studio Version 16
VisualStudioVersion = 16.0.30225.117
MinimumVisualStudioVersion = 10.0.40219.1
Project("{FAE04EC0-301F-11D3-BF4B-00C04F79EFBC}") = "CBF", "CBF.csproj", "{909B4281-8324-43E1-9FEC-2C9951B1F412}"
EndProject
Global
	GlobalSection(SolutionConfigurationPlatforms) = preSolution
		Debug|Any CPU = Debug|Any CPU
		Release|Any CPU = Release|Any CPU
	EndGlobalSection
	GlobalSection(ProjectConfigurationPlatforms) = postSolution
		{909B4281-8324-43E1-9FEC-2C9951B1F412}.Debug|Any CPU.ActiveCfg = Debug|Any CPU
		{909B4281-8324-43E1-9FEC-2C9951B1F412}.Debug|Any CPU.Build.0 = Debug|Any CPU
		{909B4281-8324-43E1-9FEC-2C9951B1F412}.Release|Any CPU.ActiveCfg = Release|Any CPU
		{909B4281-8324-43E1-9FEC-2C9951B1F412}.Release|Any CPU.Build.0 = Release|Any CPU
	EndGlobalSection
	GlobalSection(SolutionProperties) = preSolution
		HideSolutionNode = FALSE
	EndGlobalSection
	GlobalSection(ExtensibilityGlobals) = postSolution
		SolutionGuid = {105E08EA-FEB2-49BA-9BB9-672A44E899AF}
	EndGlobalSection
EndGlobal
